
Microsoft Visual Studio Solution File, Format Version 12.00
# Visual Studio Version 17
VisualStudioVersion = 17.8.34322.80
MinimumVisualStudioVersion = 10.0.40219.1
Project("{FAE04EC0-301F-11D3-BF4B-00C04F79EFBC}") = "Document_Generation_Using_OpenXML_With_Font_Syling", "Document_Generation_Using_OpenXML_With_Font_Syling\Document_Generation_Using_OpenXML_With_Font_Syling.csproj", "{66BC83D1-28E7-4BED-8CD0-4CB17BAF1334}"
EndProject
Global
	GlobalSection(SolutionConfigurationPlatforms) = preSolution
		Debug|Any CPU = Debug|Any CPU
		Release|Any CPU = Release|Any CPU
	EndGlobalSection
	GlobalSection(ProjectConfigurationPlatforms) = postSolution
		{66BC83D1-28E7-4BED-8CD0-4CB17BAF1334}.Debug|Any CPU.ActiveCfg = Debug|Any CPU
		{66BC83D1-28E7-4BED-8CD0-4CB17BAF1334}.Debug|Any CPU.Build.0 = Debug|Any CPU
		{66BC83D1-28E7-4BED-8CD0-4CB17BAF1334}.Release|Any CPU.ActiveCfg = Release|Any CPU
		{66BC83D1-28E7-4BED-8CD0-4CB17BAF1334}.Release|Any CPU.Build.0 = Release|Any CPU
	EndGlobalSection
	GlobalSection(SolutionProperties) = preSolution
		HideSolutionNode = FALSE
	EndGlobalSection
	GlobalSection(ExtensibilityGlobals) = postSolution
		SolutionGuid = {391DA1B6-A3B3-45FB-9EEF-FAFA3632BFBB}
	EndGlobalSection
EndGlobal
