
Microsoft Visual Studio Solution File, Format Version 12.00
# Visual Studio Version 17
VisualStudioVersion = 17.8.34322.80
MinimumVisualStudioVersion = 10.0.40219.1
Project("{9A19103F-16F7-4668-BE54-9A1E7A4F7556}") = "Document_Generation_Using_OpenXML_With_Font_Syling", "Document_Generation_Using_OpenXML_With_Font_Syling\Document_Generation_Using_OpenXML_With_Font_Syling.csproj", "{66BC83D1-28E7-4BED-8CD0-4CB17BAF1334}"
EndProject
Project("{9A19103F-16F7-4668-BE54-9A1E7A4F7556}") = "Image_Insert_In_Document", "Image_Insert_In_Document\Image_Insert_In_Document.csproj", "{BDAD6481-29C2-4272-8B92-A7B8D8A2443E}"
EndProject
Project("{FAE04EC0-301F-11D3-BF4B-00C04F79EFBC}") = "Image_Insert_In_PowerPoint", "Image_Insert_In_PowerPoint\Image_Insert_In_PowerPoint.csproj", "{AFDBB223-9FE4-4BFA-A837-07B404470F92}"
EndProject
Project("{FAE04EC0-301F-11D3-BF4B-00C04F79EFBC}") = "Insert_Bookmark_In_PowerPoint", "Insert_Bookmark_In_PowerPoint\Insert_Bookmark_In_PowerPoint.csproj", "{078A0329-3976-4EC0-907A-689A1492F808}"
EndProject
Project("{FAE04EC0-301F-11D3-BF4B-00C04F79EFBC}") = "Insert_New_Slide_In_PPT", "Insert_New_Slide_In_PPT\Insert_New_Slide_In_PPT.csproj", "{3ED96B7F-4D89-44F2-88D7-DB7BA07E5A17}"
EndProject
Project("{FAE04EC0-301F-11D3-BF4B-00C04F79EFBC}") = "Generate_New_Blank_Excel", "Generate_New_Blank_Excel\Generate_New_Blank_Excel.csproj", "{B473E27D-6CEB-4D22-BBF9-CF36E2C2E109}"
EndProject
Project("{FAE04EC0-301F-11D3-BF4B-00C04F79EFBC}") = "Insert_Text_Into_Cell_In_SpreadSheet_In_Excel", "Insert_Text_Into_Cell_In_SpreadSheet_In_Excel\Insert_Text_Into_Cell_In_SpreadSheet_In_Excel.csproj", "{90146730-D6D1-46D0-900D-94C9E87914DE}"
EndProject
Global
	GlobalSection(SolutionConfigurationPlatforms) = preSolution
		Debug|Any CPU = Debug|Any CPU
		Release|Any CPU = Release|Any CPU
	EndGlobalSection
	GlobalSection(ProjectConfigurationPlatforms) = postSolution
		{66BC83D1-28E7-4BED-8CD0-4CB17BAF1334}.Debug|Any CPU.ActiveCfg = Debug|Any CPU
		{66BC83D1-28E7-4BED-8CD0-4CB17BAF1334}.Debug|Any CPU.Build.0 = Debug|Any CPU
		{66BC83D1-28E7-4BED-8CD0-4CB17BAF1334}.Release|Any CPU.ActiveCfg = Release|Any CPU
		{66BC83D1-28E7-4BED-8CD0-4CB17BAF1334}.Release|Any CPU.Build.0 = Release|Any CPU
		{BDAD6481-29C2-4272-8B92-A7B8D8A2443E}.Debug|Any CPU.ActiveCfg = Debug|Any CPU
		{BDAD6481-29C2-4272-8B92-A7B8D8A2443E}.Debug|Any CPU.Build.0 = Debug|Any CPU
		{BDAD6481-29C2-4272-8B92-A7B8D8A2443E}.Release|Any CPU.ActiveCfg = Release|Any CPU
		{BDAD6481-29C2-4272-8B92-A7B8D8A2443E}.Release|Any CPU.Build.0 = Release|Any CPU
		{AFDBB223-9FE4-4BFA-A837-07B404470F92}.Debug|Any CPU.ActiveCfg = Debug|Any CPU
		{AFDBB223-9FE4-4BFA-A837-07B404470F92}.Debug|Any CPU.Build.0 = Debug|Any CPU
		{AFDBB223-9FE4-4BFA-A837-07B404470F92}.Release|Any CPU.ActiveCfg = Release|Any CPU
		{AFDBB223-9FE4-4BFA-A837-07B404470F92}.Release|Any CPU.Build.0 = Release|Any CPU
		{078A0329-3976-4EC0-907A-689A1492F808}.Debug|Any CPU.ActiveCfg = Debug|Any CPU
		{078A0329-3976-4EC0-907A-689A1492F808}.Debug|Any CPU.Build.0 = Debug|Any CPU
		{078A0329-3976-4EC0-907A-689A1492F808}.Release|Any CPU.ActiveCfg = Release|Any CPU
		{078A0329-3976-4EC0-907A-689A1492F808}.Release|Any CPU.Build.0 = Release|Any CPU
		{3ED96B7F-4D89-44F2-88D7-DB7BA07E5A17}.Debug|Any CPU.ActiveCfg = Debug|Any CPU
		{3ED96B7F-4D89-44F2-88D7-DB7BA07E5A17}.Debug|Any CPU.Build.0 = Debug|Any CPU
		{3ED96B7F-4D89-44F2-88D7-DB7BA07E5A17}.Release|Any CPU.ActiveCfg = Release|Any CPU
		{3ED96B7F-4D89-44F2-88D7-DB7BA07E5A17}.Release|Any CPU.Build.0 = Release|Any CPU
		{B473E27D-6CEB-4D22-BBF9-CF36E2C2E109}.Debug|Any CPU.ActiveCfg = Debug|Any CPU
		{B473E27D-6CEB-4D22-BBF9-CF36E2C2E109}.Debug|Any CPU.Build.0 = Debug|Any CPU
		{B473E27D-6CEB-4D22-BBF9-CF36E2C2E109}.Release|Any CPU.ActiveCfg = Release|Any CPU
		{B473E27D-6CEB-4D22-BBF9-CF36E2C2E109}.Release|Any CPU.Build.0 = Release|Any CPU
		{90146730-D6D1-46D0-900D-94C9E87914DE}.Debug|Any CPU.ActiveCfg = Debug|Any CPU
		{90146730-D6D1-46D0-900D-94C9E87914DE}.Debug|Any CPU.Build.0 = Debug|Any CPU
		{90146730-D6D1-46D0-900D-94C9E87914DE}.Release|Any CPU.ActiveCfg = Release|Any CPU
		{90146730-D6D1-46D0-900D-94C9E87914DE}.Release|Any CPU.Build.0 = Release|Any CPU
	EndGlobalSection
	GlobalSection(SolutionProperties) = preSolution
		HideSolutionNode = FALSE
	EndGlobalSection
	GlobalSection(ExtensibilityGlobals) = postSolution
		SolutionGuid = {391DA1B6-A3B3-45FB-9EEF-FAFA3632BFBB}
	EndGlobalSection
EndGlobal
